
Microsoft Visual Studio Solution File, Format Version 12.00
# Visual Studio Version 17
VisualStudioVersion = 17.8.34511.84
MinimumVisualStudioVersion = 10.0.40219.1
Project("{888888A0-9F3D-457C-B088-3A5042F75D52}") = "PY_AbstractFactory", "PY_AbstractFactory.pyproj", "{6E6743CE-06A6-4AB3-BA34-E089E3BD5134}"
EndProject
Project("{888888A0-9F3D-457C-B088-3A5042F75D52}") = "PY_AbstractFactory2", "..\PY_AbstractFactory2\PY_AbstractFactory2.pyproj", "{08C1BA40-3222-42BE-AE55-31EFC55FD777}"
EndProject
Global
	GlobalSection(SolutionConfigurationPlatforms) = preSolution
		Debug|Any CPU = Debug|Any CPU
		Release|Any CPU = Release|Any CPU
	EndGlobalSection
	GlobalSection(ProjectConfigurationPlatforms) = postSolution
		{6E6743CE-06A6-4AB3-BA34-E089E3BD5134}.Debug|Any CPU.ActiveCfg = Debug|Any CPU
		{6E6743CE-06A6-4AB3-BA34-E089E3BD5134}.Release|Any CPU.ActiveCfg = Release|Any CPU
		{08C1BA40-3222-42BE-AE55-31EFC55FD777}.Debug|Any CPU.ActiveCfg = Debug|Any CPU
		{08C1BA40-3222-42BE-AE55-31EFC55FD777}.Release|Any CPU.ActiveCfg = Release|Any CPU
	EndGlobalSection
	GlobalSection(SolutionProperties) = preSolution
		HideSolutionNode = FALSE
	EndGlobalSection
	GlobalSection(ExtensibilityGlobals) = postSolution
		SolutionGuid = {06898F50-8211-4615-9E41-F249E5B48844}
	EndGlobalSection
EndGlobal
